github.com/AlekSi/pointer v1.0.0/go.mod h1:1kjywbfcPFCmncIxtk6fIEub6LKrfMz3gc5QKVOSOA8=
github.com/davecgh/go-spew v1.1.0 h1:ZDRjVQ15GmhC3fiQ8ni8+OwkZQO4DARzQgrnXU1Liz8=
github.com/davecgh/go-spew v1.1.0/go.mod h1:J7Y8YcW2NihsgmVo/mv3lAwl/skON4iLHjSsI+c5H38=
github.com/etherlabsio/go-m3u8 v1.0.0 h1:d3HJVr8wlbvJO20ksKEyvDYf4bcM7v8YV3W83fHswL0=
github.com/etherlabsio/go-m3u8 v1.0.0/go.mod h1:RzDiaXgaYnIEzZUmVUD/xMRFR7bY7U5JaCnp8XYLmXU=
github.com/frankban/quicktest v1.14.3 h1:FJKSZTDHjyhriyC81FLQ0LY93eSai0ZyR/ZIkd3ZUKE=
github.com/google/go-cmp v0.5.7 h1:81/ik6ipDQS2aGcBfIN5dHDB36BwrStyeAQquSYCV4o=
github.com/kordar/gologger v0.0.7 h1:356TijynbyAa8gMPIi2jq6HzU3SkHNs2qCZULJLBiK0=
github.com/kordar/gologger v0.0.7/go.mod h1:hJF0BnPeo/QSJalJBF0eOG362WHez/Uc5SurSd5cdEo=
github.com/kr/pretty v0.3.0 h1:WgNl7dwNpEZ6jJ9k1snq4pZsg7DOEN8hP9Xw0Tsjwk0=
github.com/kr/text v0.2.0 h1:5Nx0Ya0ZqY2ygV366QzturHI13Jq95ApcVaJBhpS+AY=
github.com/pmezard/go-difflib v1.0.0 h1:4DBwDE0NGyQoBHbLQYPwSUPoCMWR5BEzIk/f1lZbAQM=
github.com/pmezard/go-difflib v1.0.0/go.mod h1:iKH77koFhYxTK1pcRnkKkqfTogsbg7gZNVY4sRDYZ/4=
github.com/q191201771/lal v0.33.0 h1:5+iShturzERSsSJ6uQGRfneJchapIqaTbsnAMIwMsRk=
github.com/q191201771/lal v0.33.0/go.mod h1:Gst1z55BMFx2/5PB8QsFLzvw3M6m73s7/RBE/vrI9/Q=
github.com/q191201771/naza v0.30.8 h1:Lhh29o65C4PmTDj2l+eKfsw9dddpgWZk4bFICtcnSaA=
github.com/q191201771/naza v0.30.8/go.mod h1:n+dpJjQSh90PxBwxBNuifOwQttywvSIN5TkWSSYCeBk=
github.com/robfig/cron/v3 v3.0.0 h1:kQ6Cb7aHOHTSzNVNEhmp8EcWKLb4CbiMW9h9VyIhO4E=
github.com/robfig/cron/v3 v3.0.0/go.mod h1:eQICP3HwyT7UooqI/z+Ov+PtYAWygg1TEWWzGIFLtro=
github.com/rogpeppe/go-internal v1.6.1 h1:/FiVV8dS/e+YqF2JvO3yXRFbBLTIuSDkuC7aBOAvL+k=
github.com/spf13/cast v1.5.0 h1:rj3WzYc11XZaIZMPKmwP96zkFEnnAmV8s6XbB2aY32w=
github.com/spf13/cast v1.5.0/go.mod h1:SpXXQ5YoyJw6s3/6cMTQuxvgRl3PCJiyaX9p6b155UU=
github.com/stretchr/objx v0.1.0/go.mod h1:HFkY916IF+rwdDfMAkV7OtwuqBVzrE8GR6GFx+wExME=
github.com/stretchr/testify v1.3.0/go.mod h1:M5WIy9Dh21IEIfnGCwXGc5bZfKNJtfHm1UVUgZn+9EI=
github.com/stretchr/testify v1.5.1 h1:nOGnQDM7FYENwehXlg/kFVnos3rEvtKTjRvOWSzb6H4=
github.com/stretchr/testify v1.5.1/go.mod h1:5W2xD1RspED5o8YsWQXVCued0rvSQ+mT+I5cxcmMvtA=
github.com/xfrr/goffmpeg v0.0.0-20210624103149-5ca2d3062daf h1:oRBFepu2nOiSfYsR0NpxWrWll1bIQKoBrgvzZVQUKlw=
github.com/xfrr/goffmpeg v0.0.0-20210624103149-5ca2d3062daf/go.mod h1:fVs4qpwtgjOHD31cTmdHppcr/6vD8QHrAVAu2jTSVFI=
golang.org/x/xerrors v0.0.0-20191204190536-9bdfabe68543 h1:E7g+9GITq07hpfrRu66IVDexMakfv52eLZ2CXBWiKr4=
gopkg.in/check.v1 v0.0.0-20161208181325-20d25e280405/go.mod h1:Co6ibVJAznAaIkqp8huTwlJQCZ016jof/cbN4VW5Yz0=
gopkg.in/yaml.v2 v2.2.2 h1:ZCJp+EgiOT7lHqUV2J862kp8Qj64Jo6az82+3Td9dZw=
gopkg.in/yaml.v2 v2.2.2/go.mod h1:hI93XBmqTisBFMUTm0b8Fm+jr3Dg1NNxqwp+5A1VGuI=
